
Microsoft Visual Studio Solution File, Format Version 12.00
# Visual Studio 15
VisualStudioVersion = 15.0.26730.10
MinimumVisualStudioVersion = 10.0.40219.1


Project("{9A19103F-16F7-4668-BE54-9A1E7A4F7556}") = "Interception.Fody.Sample", "Interception.Fody.Sample\Interception.Fody.Sample\Interception.Fody.Sample.csproj", "{3964A143-748D-4C3A-B2FE-C5D3E065DD89}"
EndProject

Project("{FAE04EC0-301F-11D3-BF4B-00C04F79EFBC}") = "Interception.Fody.Sample.iOS", "Interception.Fody.Sample\Interception.Fody.Sample.iOS\Interception.Fody.Sample.iOS.csproj", "{5C79F4E3-7568-40F8-B2BE-F0AC23A5FF18}"
EndProject


Project("{FAE04EC0-301F-11D3-BF4B-00C04F79EFBC}") = "Interception.Fody.Sample.Android", "Interception.Fody.Sample\Interception.Fody.Sample.Android\Interception.Fody.Sample.Android.csproj", "{9F69014A-DF3F-4B81-88E9-3EDE475E524E}"
EndProject

Project("{FAE04EC0-301F-11D3-BF4B-00C04F79EFBC}") = "Interception.Fody.Sample.UWP", "Interception.Fody.Sample\Interception.Fody.Sample.UWP\Interception.Fody.Sample.UWP.csproj", "{ED7608CD-6A41-49AC-8B8F-BAE820E7DDF0}"
EndProject

Global
	GlobalSection(SolutionConfigurationPlatforms) = preSolution
		Ad-Hoc|Any CPU = Ad-Hoc|Any CPU
		Ad-Hoc|ARM = Ad-Hoc|ARM
		Ad-Hoc|iPhone = Ad-Hoc|iPhone
		Ad-Hoc|iPhoneSimulator = Ad-Hoc|iPhoneSimulator
		Ad-Hoc|x64 = Ad-Hoc|x64
		Ad-Hoc|x86 = Ad-Hoc|x86
		AppStore|Any CPU = AppStore|Any CPU
		AppStore|ARM = AppStore|ARM
		AppStore|iPhone = AppStore|iPhone
		AppStore|iPhoneSimulator = AppStore|iPhoneSimulator
		AppStore|x64 = AppStore|x64
		AppStore|x86 = AppStore|x86
		Debug|Any CPU = Debug|Any CPU
		Debug|ARM = Debug|ARM
		Debug|iPhone = Debug|iPhone
		Debug|iPhoneSimulator = Debug|iPhoneSimulator
		Debug|x64 = Debug|x64
		Debug|x86 = Debug|x86
		Release|Any CPU = Release|Any CPU
		Release|ARM = Release|ARM
		Release|iPhone = Release|iPhone
		Release|iPhoneSimulator = Release|iPhoneSimulator
		Release|x64 = Release|x64
		Release|x86 = Release|x86
	EndGlobalSection
	GlobalSection(ProjectConfigurationPlatforms) = postSolution
		{3964A143-748D-4C3A-B2FE-C5D3E065DD89}.Ad-Hoc|Any CPU.ActiveCfg = Debug|Any CPU
		{3964A143-748D-4C3A-B2FE-C5D3E065DD89}.Ad-Hoc|Any CPU.Build.0 = Debug|Any CPU
		{3964A143-748D-4C3A-B2FE-C5D3E065DD89}.Ad-Hoc|ARM.ActiveCfg = Debug|Any CPU
		{3964A143-748D-4C3A-B2FE-C5D3E065DD89}.Ad-Hoc|ARM.Build.0 = Debug|Any CPU
		{3964A143-748D-4C3A-B2FE-C5D3E065DD89}.Ad-Hoc|iPhone.ActiveCfg = Debug|Any CPU
		{3964A143-748D-4C3A-B2FE-C5D3E065DD89}.Ad-Hoc|iPhone.Build.0 = Debug|Any CPU
		{3964A143-748D-4C3A-B2FE-C5D3E065DD89}.Ad-Hoc|iPhoneSimulator.ActiveCfg = Debug|Any CPU
		{3964A143-748D-4C3A-B2FE-C5D3E065DD89}.Ad-Hoc|iPhoneSimulator.Build.0 = Debug|Any CPU
		{3964A143-748D-4C3A-B2FE-C5D3E065DD89}.Ad-Hoc|x64.ActiveCfg = Debug|Any CPU
		{3964A143-748D-4C3A-B2FE-C5D3E065DD89}.Ad-Hoc|x64.Build.0 = Debug|Any CPU
		{3964A143-748D-4C3A-B2FE-C5D3E065DD89}.Ad-Hoc|x86.ActiveCfg = Debug|Any CPU
		{3964A143-748D-4C3A-B2FE-C5D3E065DD89}.Ad-Hoc|x86.Build.0 = Debug|Any CPU
		{3964A143-748D-4C3A-B2FE-C5D3E065DD89}.AppStore|Any CPU.ActiveCfg = Debug|Any CPU
		{3964A143-748D-4C3A-B2FE-C5D3E065DD89}.AppStore|Any CPU.Build.0 = Debug|Any CPU
		{3964A143-748D-4C3A-B2FE-C5D3E065DD89}.AppStore|ARM.ActiveCfg = Debug|Any CPU
		{3964A143-748D-4C3A-B2FE-C5D3E065DD89}.AppStore|ARM.Build.0 = Debug|Any CPU
		{3964A143-748D-4C3A-B2FE-C5D3E065DD89}.AppStore|iPhone.ActiveCfg = Debug|Any CPU
		{3964A143-748D-4C3A-B2FE-C5D3E065DD89}.AppStore|iPhone.Build.0 = Debug|Any CPU
		{3964A143-748D-4C3A-B2FE-C5D3E065DD89}.AppStore|iPhoneSimulator.ActiveCfg = Debug|Any CPU
		{3964A143-748D-4C3A-B2FE-C5D3E065DD89}.AppStore|iPhoneSimulator.Build.0 = Debug|Any CPU
		{3964A143-748D-4C3A-B2FE-C5D3E065DD89}.AppStore|x64.ActiveCfg = Debug|Any CPU
		{3964A143-748D-4C3A-B2FE-C5D3E065DD89}.AppStore|x64.Build.0 = Debug|Any CPU
		{3964A143-748D-4C3A-B2FE-C5D3E065DD89}.AppStore|x86.ActiveCfg = Debug|Any CPU
		{3964A143-748D-4C3A-B2FE-C5D3E065DD89}.AppStore|x86.Build.0 = Debug|Any CPU
		{3964A143-748D-4C3A-B2FE-C5D3E065DD89}.Debug|Any CPU.ActiveCfg = Debug|Any CPU
		{3964A143-748D-4C3A-B2FE-C5D3E065DD89}.Debug|Any CPU.Build.0 = Debug|Any CPU
		{3964A143-748D-4C3A-B2FE-C5D3E065DD89}.Debug|ARM.ActiveCfg = Debug|Any CPU
		{3964A143-748D-4C3A-B2FE-C5D3E065DD89}.Debug|ARM.Build.0 = Debug|Any CPU
		{3964A143-748D-4C3A-B2FE-C5D3E065DD89}.Debug|iPhone.ActiveCfg = Debug|Any CPU
		{3964A143-748D-4C3A-B2FE-C5D3E065DD89}.Debug|iPhone.Build.0 = Debug|Any CPU
		{3964A143-748D-4C3A-B2FE-C5D3E065DD89}.Debug|iPhoneSimulator.ActiveCfg = Debug|Any CPU
		{3964A143-748D-4C3A-B2FE-C5D3E065DD89}.Debug|iPhoneSimulator.Build.0 = Debug|Any CPU
		{3964A143-748D-4C3A-B2FE-C5D3E065DD89}.Debug|x64.ActiveCfg = Debug|Any CPU
		{3964A143-748D-4C3A-B2FE-C5D3E065DD89}.Debug|x64.Build.0 = Debug|Any CPU
		{3964A143-748D-4C3A-B2FE-C5D3E065DD89}.Debug|x86.ActiveCfg = Debug|Any CPU
		{3964A143-748D-4C3A-B2FE-C5D3E065DD89}.Debug|x86.Build.0 = Debug|Any CPU
		{3964A143-748D-4C3A-B2FE-C5D3E065DD89}.Release|Any CPU.ActiveCfg = Release|Any CPU
		{3964A143-748D-4C3A-B2FE-C5D3E065DD89}.Release|Any CPU.Build.0 = Release|Any CPU
		{3964A143-748D-4C3A-B2FE-C5D3E065DD89}.Release|ARM.ActiveCfg = Release|Any CPU
		{3964A143-748D-4C3A-B2FE-C5D3E065DD89}.Release|ARM.Build.0 = Release|Any CPU
		{3964A143-748D-4C3A-B2FE-C5D3E065DD89}.Release|iPhone.ActiveCfg = Release|Any CPU
		{3964A143-748D-4C3A-B2FE-C5D3E065DD89}.Release|iPhone.Build.0 = Release|Any CPU
		{3964A143-748D-4C3A-B2FE-C5D3E065DD89}.Release|iPhoneSimulator.ActiveCfg = Release|Any CPU
		{3964A143-748D-4C3A-B2FE-C5D3E065DD89}.Release|iPhoneSimulator.Build.0 = Release|Any CPU
		{3964A143-748D-4C3A-B2FE-C5D3E065DD89}.Release|x64.ActiveCfg = Release|Any CPU
		{3964A143-748D-4C3A-B2FE-C5D3E065DD89}.Release|x64.Build.0 = Release|Any CPU
		{3964A143-748D-4C3A-B2FE-C5D3E065DD89}.Release|x86.ActiveCfg = Release|Any CPU
		{3964A143-748D-4C3A-B2FE-C5D3E065DD89}.Release|x86.Build.0 = Release|Any CPU
		{5C79F4E3-7568-40F8-B2BE-F0AC23A5FF18}.Ad-Hoc|Any CPU.ActiveCfg = Ad-Hoc|iPhone
		{5C79F4E3-7568-40F8-B2BE-F0AC23A5FF18}.Ad-Hoc|ARM.ActiveCfg = Ad-Hoc|iPhone
		{5C79F4E3-7568-40F8-B2BE-F0AC23A5FF18}.Ad-Hoc|iPhone.ActiveCfg = Ad-Hoc|iPhone
		{5C79F4E3-7568-40F8-B2BE-F0AC23A5FF18}.Ad-Hoc|iPhone.Build.0 = Ad-Hoc|iPhone
		{5C79F4E3-7568-40F8-B2BE-F0AC23A5FF18}.Ad-Hoc|iPhoneSimulator.ActiveCfg = Ad-Hoc|iPhoneSimulator
		{5C79F4E3-7568-40F8-B2BE-F0AC23A5FF18}.Ad-Hoc|iPhoneSimulator.Build.0 = Ad-Hoc|iPhoneSimulator
		{5C79F4E3-7568-40F8-B2BE-F0AC23A5FF18}.Ad-Hoc|x64.ActiveCfg = Ad-Hoc|iPhone
		{5C79F4E3-7568-40F8-B2BE-F0AC23A5FF18}.Ad-Hoc|x86.ActiveCfg = Ad-Hoc|iPhone
		{5C79F4E3-7568-40F8-B2BE-F0AC23A5FF18}.AppStore|Any CPU.ActiveCfg = AppStore|iPhone
		{5C79F4E3-7568-40F8-B2BE-F0AC23A5FF18}.AppStore|ARM.ActiveCfg = AppStore|iPhone
		{5C79F4E3-7568-40F8-B2BE-F0AC23A5FF18}.AppStore|iPhone.ActiveCfg = AppStore|iPhone
		{5C79F4E3-7568-40F8-B2BE-F0AC23A5FF18}.AppStore|iPhone.Build.0 = AppStore|iPhone
		{5C79F4E3-7568-40F8-B2BE-F0AC23A5FF18}.AppStore|iPhoneSimulator.ActiveCfg = AppStore|iPhoneSimulator
		{5C79F4E3-7568-40F8-B2BE-F0AC23A5FF18}.AppStore|iPhoneSimulator.Build.0 = AppStore|iPhoneSimulator
		{5C79F4E3-7568-40F8-B2BE-F0AC23A5FF18}.AppStore|x64.ActiveCfg = AppStore|iPhone
		{5C79F4E3-7568-40F8-B2BE-F0AC23A5FF18}.AppStore|x86.ActiveCfg = AppStore|iPhone
		{5C79F4E3-7568-40F8-B2BE-F0AC23A5FF18}.Debug|Any CPU.ActiveCfg = Debug|iPhone
		{5C79F4E3-7568-40F8-B2BE-F0AC23A5FF18}.Debug|ARM.ActiveCfg = Debug|iPhone
		{5C79F4E3-7568-40F8-B2BE-F0AC23A5FF18}.Debug|iPhone.ActiveCfg = Debug|iPhone
		{5C79F4E3-7568-40F8-B2BE-F0AC23A5FF18}.Debug|iPhone.Build.0 = Debug|iPhone
		{5C79F4E3-7568-40F8-B2BE-F0AC23A5FF18}.Debug|iPhoneSimulator.ActiveCfg = Debug|iPhoneSimulator
		{5C79F4E3-7568-40F8-B2BE-F0AC23A5FF18}.Debug|iPhoneSimulator.Build.0 = Debug|iPhoneSimulator
		{5C79F4E3-7568-40F8-B2BE-F0AC23A5FF18}.Debug|x64.ActiveCfg = Debug|iPhone
		{5C79F4E3-7568-40F8-B2BE-F0AC23A5FF18}.Debug|x86.ActiveCfg = Debug|iPhone
		{5C79F4E3-7568-40F8-B2BE-F0AC23A5FF18}.Release|Any CPU.ActiveCfg = Release|iPhone
		{5C79F4E3-7568-40F8-B2BE-F0AC23A5FF18}.Release|ARM.ActiveCfg = Release|iPhone
		{5C79F4E3-7568-40F8-B2BE-F0AC23A5FF18}.Release|iPhone.ActiveCfg = Release|iPhone
		{5C79F4E3-7568-40F8-B2BE-F0AC23A5FF18}.Release|iPhone.Build.0 = Release|iPhone
		{5C79F4E3-7568-40F8-B2BE-F0AC23A5FF18}.Release|iPhoneSimulator.ActiveCfg = Release|iPhoneSimulator
		{5C79F4E3-7568-40F8-B2BE-F0AC23A5FF18}.Release|iPhoneSimulator.Build.0 = Release|iPhoneSimulator
		{5C79F4E3-7568-40F8-B2BE-F0AC23A5FF18}.Release|x64.ActiveCfg = Release|iPhone
		{5C79F4E3-7568-40F8-B2BE-F0AC23A5FF18}.Release|x86.ActiveCfg = Release|iPhone
		{ED7608CD-6A41-49AC-8B8F-BAE820E7DDF0}.Ad-Hoc|Any CPU.ActiveCfg = Release|x86
		{ED7608CD-6A41-49AC-8B8F-BAE820E7DDF0}.Ad-Hoc|Any CPU.Build.0 = Release|x86
		{ED7608CD-6A41-49AC-8B8F-BAE820E7DDF0}.Ad-Hoc|Any CPU.Deploy.0 = Release|x86
		{ED7608CD-6A41-49AC-8B8F-BAE820E7DDF0}.Ad-Hoc|ARM.ActiveCfg = Release|ARM
		{ED7608CD-6A41-49AC-8B8F-BAE820E7DDF0}.Ad-Hoc|ARM.Build.0 = Release|ARM
		{ED7608CD-6A41-49AC-8B8F-BAE820E7DDF0}.Ad-Hoc|ARM.Deploy.0 = Release|ARM
		{ED7608CD-6A41-49AC-8B8F-BAE820E7DDF0}.Ad-Hoc|iPhone.ActiveCfg = Release|x86
		{ED7608CD-6A41-49AC-8B8F-BAE820E7DDF0}.Ad-Hoc|iPhone.Build.0 = Release|x86
		{ED7608CD-6A41-49AC-8B8F-BAE820E7DDF0}.Ad-Hoc|iPhone.Deploy.0 = Release|x86
		{ED7608CD-6A41-49AC-8B8F-BAE820E7DDF0}.Ad-Hoc|iPhoneSimulator.ActiveCfg = Release|x86
		{ED7608CD-6A41-49AC-8B8F-BAE820E7DDF0}.Ad-Hoc|iPhoneSimulator.Build.0 = Release|x86
		{ED7608CD-6A41-49AC-8B8F-BAE820E7DDF0}.Ad-Hoc|iPhoneSimulator.Deploy.0 = Release|x86
		{ED7608CD-6A41-49AC-8B8F-BAE820E7DDF0}.Ad-Hoc|x64.ActiveCfg = Release|x64
		{ED7608CD-6A41-49AC-8B8F-BAE820E7DDF0}.Ad-Hoc|x64.Build.0 = Release|x64
		{ED7608CD-6A41-49AC-8B8F-BAE820E7DDF0}.Ad-Hoc|x64.Deploy.0 = Release|x64
		{ED7608CD-6A41-49AC-8B8F-BAE820E7DDF0}.Ad-Hoc|x86.ActiveCfg = Release|x86
		{ED7608CD-6A41-49AC-8B8F-BAE820E7DDF0}.Ad-Hoc|x86.Build.0 = Release|x86
		{ED7608CD-6A41-49AC-8B8F-BAE820E7DDF0}.Ad-Hoc|x86.Deploy.0 = Release|x86
		{ED7608CD-6A41-49AC-8B8F-BAE820E7DDF0}.AppStore|Any CPU.ActiveCfg = Release|x86
		{ED7608CD-6A41-49AC-8B8F-BAE820E7DDF0}.AppStore|Any CPU.Build.0 = Release|x86
		{ED7608CD-6A41-49AC-8B8F-BAE820E7DDF0}.AppStore|Any CPU.Deploy.0 = Release|x86
		{ED7608CD-6A41-49AC-8B8F-BAE820E7DDF0}.AppStore|ARM.ActiveCfg = Release|ARM
		{ED7608CD-6A41-49AC-8B8F-BAE820E7DDF0}.AppStore|ARM.Build.0 = Release|ARM
		{ED7608CD-6A41-49AC-8B8F-BAE820E7DDF0}.AppStore|ARM.Deploy.0 = Release|ARM
		{ED7608CD-6A41-49AC-8B8F-BAE820E7DDF0}.AppStore|iPhone.ActiveCfg = Release|x86
		{ED7608CD-6A41-49AC-8B8F-BAE820E7DDF0}.AppStore|iPhone.Build.0 = Release|x86
		{ED7608CD-6A41-49AC-8B8F-BAE820E7DDF0}.AppStore|iPhone.Deploy.0 = Release|x86
		{ED7608CD-6A41-49AC-8B8F-BAE820E7DDF0}.AppStore|iPhoneSimulator.ActiveCfg = Release|x86
		{ED7608CD-6A41-49AC-8B8F-BAE820E7DDF0}.AppStore|iPhoneSimulator.Build.0 = Release|x86
		{ED7608CD-6A41-49AC-8B8F-BAE820E7DDF0}.AppStore|iPhoneSimulator.Deploy.0 = Release|x86
		{ED7608CD-6A41-49AC-8B8F-BAE820E7DDF0}.AppStore|x64.ActiveCfg = Release|x64
		{ED7608CD-6A41-49AC-8B8F-BAE820E7DDF0}.AppStore|x64.Build.0 = Release|x64
		{ED7608CD-6A41-49AC-8B8F-BAE820E7DDF0}.AppStore|x64.Deploy.0 = Release|x64
		{ED7608CD-6A41-49AC-8B8F-BAE820E7DDF0}.AppStore|x86.ActiveCfg = Release|x86
		{ED7608CD-6A41-49AC-8B8F-BAE820E7DDF0}.AppStore|x86.Build.0 = Release|x86
		{ED7608CD-6A41-49AC-8B8F-BAE820E7DDF0}.AppStore|x86.Deploy.0 = Release|x86
		{ED7608CD-6A41-49AC-8B8F-BAE820E7DDF0}.Debug|Any CPU.ActiveCfg = Debug|x86
		{ED7608CD-6A41-49AC-8B8F-BAE820E7DDF0}.Debug|ARM.ActiveCfg = Debug|ARM
		{ED7608CD-6A41-49AC-8B8F-BAE820E7DDF0}.Debug|ARM.Build.0 = Debug|ARM
		{ED7608CD-6A41-49AC-8B8F-BAE820E7DDF0}.Debug|ARM.Deploy.0 = Debug|ARM
		{ED7608CD-6A41-49AC-8B8F-BAE820E7DDF0}.Debug|iPhone.ActiveCfg = Debug|x86
		{ED7608CD-6A41-49AC-8B8F-BAE820E7DDF0}.Debug|iPhoneSimulator.ActiveCfg = Debug|x86
		{ED7608CD-6A41-49AC-8B8F-BAE820E7DDF0}.Debug|x64.ActiveCfg = Debug|x64
		{ED7608CD-6A41-49AC-8B8F-BAE820E7DDF0}.Debug|x64.Build.0 = Debug|x64
		{ED7608CD-6A41-49AC-8B8F-BAE820E7DDF0}.Debug|x64.Deploy.0 = Debug|x64
		{ED7608CD-6A41-49AC-8B8F-BAE820E7DDF0}.Debug|x86.ActiveCfg = Debug|x86
		{ED7608CD-6A41-49AC-8B8F-BAE820E7DDF0}.Debug|x86.Build.0 = Debug|x86
		{ED7608CD-6A41-49AC-8B8F-BAE820E7DDF0}.Debug|x86.Deploy.0 = Debug|x86
		{ED7608CD-6A41-49AC-8B8F-BAE820E7DDF0}.Release|Any CPU.ActiveCfg = Release|x86
		{ED7608CD-6A41-49AC-8B8F-BAE820E7DDF0}.Release|ARM.ActiveCfg = Release|ARM
		{ED7608CD-6A41-49AC-8B8F-BAE820E7DDF0}.Release|ARM.Build.0 = Release|ARM
		{ED7608CD-6A41-49AC-8B8F-BAE820E7DDF0}.Release|ARM.Deploy.0 = Release|ARM
		{ED7608CD-6A41-49AC-8B8F-BAE820E7DDF0}.Release|iPhone.ActiveCfg = Release|x86
		{ED7608CD-6A41-49AC-8B8F-BAE820E7DDF0}.Release|iPhoneSimulator.ActiveCfg = Release|x86
		{ED7608CD-6A41-49AC-8B8F-BAE820E7DDF0}.Release|x64.ActiveCfg = Release|x64
		{ED7608CD-6A41-49AC-8B8F-BAE820E7DDF0}.Release|x64.Build.0 = Release|x64
		{ED7608CD-6A41-49AC-8B8F-BAE820E7DDF0}.Release|x64.Deploy.0 = Release|x64
		{ED7608CD-6A41-49AC-8B8F-BAE820E7DDF0}.Release|x86.ActiveCfg = Release|x86
		{ED7608CD-6A41-49AC-8B8F-BAE820E7DDF0}.Release|x86.Build.0 = Release|x86
		{ED7608CD-6A41-49AC-8B8F-BAE820E7DDF0}.Release|x86.Deploy.0 = Release|x86
		{20FDA6ED-B68E-4610-807B-F358668F181E}.Ad-Hoc|Any CPU.ActiveCfg = Release|Any CPU
		{20FDA6ED-B68E-4610-807B-F358668F181E}.Ad-Hoc|Any CPU.Build.0 = Release|Any CPU
		{20FDA6ED-B68E-4610-807B-F358668F181E}.Ad-Hoc|Any CPU.Deploy.0 = Release|Any CPU
		{20FDA6ED-B68E-4610-807B-F358668F181E}.Ad-Hoc|ARM.ActiveCfg = Release|Any CPU
		{20FDA6ED-B68E-4610-807B-F358668F181E}.Ad-Hoc|ARM.Build.0 = Release|Any CPU
		{20FDA6ED-B68E-4610-807B-F358668F181E}.Ad-Hoc|ARM.Deploy.0 = Release|Any CPU
		{20FDA6ED-B68E-4610-807B-F358668F181E}.Ad-Hoc|iPhone.ActiveCfg = Release|Any CPU
		{20FDA6ED-B68E-4610-807B-F358668F181E}.Ad-Hoc|iPhone.Build.0 = Release|Any CPU
		{20FDA6ED-B68E-4610-807B-F358668F181E}.Ad-Hoc|iPhone.Deploy.0 = Release|Any CPU
		{20FDA6ED-B68E-4610-807B-F358668F181E}.Ad-Hoc|iPhoneSimulator.ActiveCfg = Release|Any CPU
		{20FDA6ED-B68E-4610-807B-F358668F181E}.Ad-Hoc|iPhoneSimulator.Build.0 = Release|Any CPU
		{20FDA6ED-B68E-4610-807B-F358668F181E}.Ad-Hoc|iPhoneSimulator.Deploy.0 = Release|Any CPU
		{20FDA6ED-B68E-4610-807B-F358668F181E}.Ad-Hoc|x64.ActiveCfg = Release|Any CPU
		{20FDA6ED-B68E-4610-807B-F358668F181E}.Ad-Hoc|x64.Build.0 = Release|Any CPU
		{20FDA6ED-B68E-4610-807B-F358668F181E}.Ad-Hoc|x64.Deploy.0 = Release|Any CPU
		{20FDA6ED-B68E-4610-807B-F358668F181E}.Ad-Hoc|x86.ActiveCfg = Release|Any CPU
		{20FDA6ED-B68E-4610-807B-F358668F181E}.Ad-Hoc|x86.Build.0 = Release|Any CPU
		{20FDA6ED-B68E-4610-807B-F358668F181E}.Ad-Hoc|x86.Deploy.0 = Release|Any CPU
		{20FDA6ED-B68E-4610-807B-F358668F181E}.AppStore|Any CPU.ActiveCfg = Release|Any CPU
		{20FDA6ED-B68E-4610-807B-F358668F181E}.AppStore|Any CPU.Build.0 = Release|Any CPU
		{20FDA6ED-B68E-4610-807B-F358668F181E}.AppStore|Any CPU.Deploy.0 = Release|Any CPU
		{20FDA6ED-B68E-4610-807B-F358668F181E}.AppStore|ARM.ActiveCfg = Release|Any CPU
		{20FDA6ED-B68E-4610-807B-F358668F181E}.AppStore|ARM.Build.0 = Release|Any CPU
		{20FDA6ED-B68E-4610-807B-F358668F181E}.AppStore|ARM.Deploy.0 = Release|Any CPU
		{20FDA6ED-B68E-4610-807B-F358668F181E}.AppStore|iPhone.ActiveCfg = Release|Any CPU
		{20FDA6ED-B68E-4610-807B-F358668F181E}.AppStore|iPhone.Build.0 = Release|Any CPU
		{20FDA6ED-B68E-4610-807B-F358668F181E}.AppStore|iPhone.Deploy.0 = Release|Any CPU
		{20FDA6ED-B68E-4610-807B-F358668F181E}.AppStore|iPhoneSimulator.ActiveCfg = Release|Any CPU
		{20FDA6ED-B68E-4610-807B-F358668F181E}.AppStore|iPhoneSimulator.Build.0 = Release|Any CPU
		{20FDA6ED-B68E-4610-807B-F358668F181E}.AppStore|iPhoneSimulator.Deploy.0 = Release|Any CPU
		{20FDA6ED-B68E-4610-807B-F358668F181E}.AppStore|x64.ActiveCfg = Release|Any CPU
		{20FDA6ED-B68E-4610-807B-F358668F181E}.AppStore|x64.Build.0 = Release|Any CPU
		{20FDA6ED-B68E-4610-807B-F358668F181E}.AppStore|x64.Deploy.0 = Release|Any CPU
		{20FDA6ED-B68E-4610-807B-F358668F181E}.AppStore|x86.ActiveCfg = Release|Any CPU
		{20FDA6ED-B68E-4610-807B-F358668F181E}.AppStore|x86.Build.0 = Release|Any CPU
		{20FDA6ED-B68E-4610-807B-F358668F181E}.AppStore|x86.Deploy.0 = Release|Any CPU
		{20FDA6ED-B68E-4610-807B-F358668F181E}.Debug|Any CPU.ActiveCfg = Debug|Any CPU
		{20FDA6ED-B68E-4610-807B-F358668F181E}.Debug|Any CPU.Build.0 = Debug|Any CPU
		{20FDA6ED-B68E-4610-807B-F358668F181E}.Debug|Any CPU.Deploy.0 = Debug|Any CPU
		{20FDA6ED-B68E-4610-807B-F358668F181E}.Debug|ARM.ActiveCfg = Debug|Any CPU
		{20FDA6ED-B68E-4610-807B-F358668F181E}.Debug|ARM.Build.0 = Debug|Any CPU
		{20FDA6ED-B68E-4610-807B-F358668F181E}.Debug|ARM.Deploy.0 = Debug|Any CPU
		{20FDA6ED-B68E-4610-807B-F358668F181E}.Debug|iPhone.ActiveCfg = Debug|Any CPU
		{20FDA6ED-B68E-4610-807B-F358668F181E}.Debug|iPhone.Build.0 = Debug|Any CPU
		{20FDA6ED-B68E-4610-807B-F358668F181E}.Debug|iPhone.Deploy.0 = Debug|Any CPU
		{20FDA6ED-B68E-4610-807B-F358668F181E}.Debug|iPhoneSimulator.ActiveCfg = Debug|Any CPU
		{20FDA6ED-B68E-4610-807B-F358668F181E}.Debug|iPhoneSimulator.Build.0 = Debug|Any CPU
		{20FDA6ED-B68E-4610-807B-F358668F181E}.Debug|iPhoneSimulator.Deploy.0 = Debug|Any CPU
		{20FDA6ED-B68E-4610-807B-F358668F181E}.Debug|x64.ActiveCfg = Debug|Any CPU
		{20FDA6ED-B68E-4610-807B-F358668F181E}.Debug|x64.Build.0 = Debug|Any CPU
		{20FDA6ED-B68E-4610-807B-F358668F181E}.Debug|x64.Deploy.0 = Debug|Any CPU
		{20FDA6ED-B68E-4610-807B-F358668F181E}.Debug|x86.ActiveCfg = Debug|Any CPU
		{20FDA6ED-B68E-4610-807B-F358668F181E}.Debug|x86.Build.0 = Debug|Any CPU
		{20FDA6ED-B68E-4610-807B-F358668F181E}.Debug|x86.Deploy.0 = Debug|Any CPU
		{20FDA6ED-B68E-4610-807B-F358668F181E}.Release|Any CPU.ActiveCfg = Release|Any CPU
		{20FDA6ED-B68E-4610-807B-F358668F181E}.Release|Any CPU.Build.0 = Release|Any CPU
		{20FDA6ED-B68E-4610-807B-F358668F181E}.Release|Any CPU.Deploy.0 = Release|Any CPU
		{20FDA6ED-B68E-4610-807B-F358668F181E}.Release|ARM.ActiveCfg = Release|Any CPU
		{20FDA6ED-B68E-4610-807B-F358668F181E}.Release|ARM.Build.0 = Release|Any CPU
		{20FDA6ED-B68E-4610-807B-F358668F181E}.Release|ARM.Deploy.0 = Release|Any CPU
		{20FDA6ED-B68E-4610-807B-F358668F181E}.Release|iPhone.ActiveCfg = Release|Any CPU
		{20FDA6ED-B68E-4610-807B-F358668F181E}.Release|iPhone.Build.0 = Release|Any CPU
		{20FDA6ED-B68E-4610-807B-F358668F181E}.Release|iPhone.Deploy.0 = Release|Any CPU
		{20FDA6ED-B68E-4610-807B-F358668F181E}.Release|iPhoneSimulator.ActiveCfg = Release|Any CPU
		{20FDA6ED-B68E-4610-807B-F358668F181E}.Release|iPhoneSimulator.Build.0 = Release|Any CPU
		{20FDA6ED-B68E-4610-807B-F358668F181E}.Release|iPhoneSimulator.Deploy.0 = Release|Any CPU
		{20FDA6ED-B68E-4610-807B-F358668F181E}.Release|x64.ActiveCfg = Release|Any CPU
		{20FDA6ED-B68E-4610-807B-F358668F181E}.Release|x64.Build.0 = Release|Any CPU
		{20FDA6ED-B68E-4610-807B-F358668F181E}.Release|x64.Deploy.0 = Release|Any CPU
		{20FDA6ED-B68E-4610-807B-F358668F181E}.Release|x86.ActiveCfg = Release|Any CPU
		{20FDA6ED-B68E-4610-807B-F358668F181E}.Release|x86.Build.0 = Release|Any CPU
		{20FDA6ED-B68E-4610-807B-F358668F181E}.Release|x86.Deploy.0 = Release|Any CPU
		{B445DF73-AC9E-4276-9FBA-7CB5AD5D2518}.Ad-Hoc|Any CPU.ActiveCfg = Release|Any CPU
		{B445DF73-AC9E-4276-9FBA-7CB5AD5D2518}.Ad-Hoc|Any CPU.Build.0 = Release|Any CPU
		{B445DF73-AC9E-4276-9FBA-7CB5AD5D2518}.Ad-Hoc|ARM.ActiveCfg = Release|Any CPU
		{B445DF73-AC9E-4276-9FBA-7CB5AD5D2518}.Ad-Hoc|ARM.Build.0 = Release|Any CPU
		{B445DF73-AC9E-4276-9FBA-7CB5AD5D2518}.Ad-Hoc|iPhone.ActiveCfg = Release|Any CPU
		{B445DF73-AC9E-4276-9FBA-7CB5AD5D2518}.Ad-Hoc|iPhone.Build.0 = Release|Any CPU
		{B445DF73-AC9E-4276-9FBA-7CB5AD5D2518}.Ad-Hoc|iPhoneSimulator.ActiveCfg = Release|Any CPU
		{B445DF73-AC9E-4276-9FBA-7CB5AD5D2518}.Ad-Hoc|iPhoneSimulator.Build.0 = Release|Any CPU
		{B445DF73-AC9E-4276-9FBA-7CB5AD5D2518}.Ad-Hoc|x64.ActiveCfg = Release|Any CPU
		{B445DF73-AC9E-4276-9FBA-7CB5AD5D2518}.Ad-Hoc|x64.Build.0 = Release|Any CPU
		{B445DF73-AC9E-4276-9FBA-7CB5AD5D2518}.Ad-Hoc|x86.ActiveCfg = Release|Any CPU
		{B445DF73-AC9E-4276-9FBA-7CB5AD5D2518}.Ad-Hoc|x86.Build.0 = Release|Any CPU
		{B445DF73-AC9E-4276-9FBA-7CB5AD5D2518}.AppStore|Any CPU.ActiveCfg = Release|Any CPU
		{B445DF73-AC9E-4276-9FBA-7CB5AD5D2518}.AppStore|Any CPU.Build.0 = Release|Any CPU
		{B445DF73-AC9E-4276-9FBA-7CB5AD5D2518}.AppStore|ARM.ActiveCfg = Release|Any CPU
		{B445DF73-AC9E-4276-9FBA-7CB5AD5D2518}.AppStore|ARM.Build.0 = Release|Any CPU
		{B445DF73-AC9E-4276-9FBA-7CB5AD5D2518}.AppStore|iPhone.ActiveCfg = Release|Any CPU
		{B445DF73-AC9E-4276-9FBA-7CB5AD5D2518}.AppStore|iPhone.Build.0 = Release|Any CPU
		{B445DF73-AC9E-4276-9FBA-7CB5AD5D2518}.AppStore|iPhoneSimulator.ActiveCfg = Release|Any CPU
		{B445DF73-AC9E-4276-9FBA-7CB5AD5D2518}.AppStore|iPhoneSimulator.Build.0 = Release|Any CPU
		{B445DF73-AC9E-4276-9FBA-7CB5AD5D2518}.AppStore|x64.ActiveCfg = Release|Any CPU
		{B445DF73-AC9E-4276-9FBA-7CB5AD5D2518}.AppStore|x64.Build.0 = Release|Any CPU
		{B445DF73-AC9E-4276-9FBA-7CB5AD5D2518}.AppStore|x86.ActiveCfg = Release|Any CPU
		{B445DF73-AC9E-4276-9FBA-7CB5AD5D2518}.AppStore|x86.Build.0 = Release|Any CPU
		{B445DF73-AC9E-4276-9FBA-7CB5AD5D2518}.Debug|Any CPU.ActiveCfg = Debug|Any CPU
		{B445DF73-AC9E-4276-9FBA-7CB5AD5D2518}.Debug|Any CPU.Build.0 = Debug|Any CPU
		{B445DF73-AC9E-4276-9FBA-7CB5AD5D2518}.Debug|ARM.ActiveCfg = Debug|Any CPU
		{B445DF73-AC9E-4276-9FBA-7CB5AD5D2518}.Debug|ARM.Build.0 = Debug|Any CPU
		{B445DF73-AC9E-4276-9FBA-7CB5AD5D2518}.Debug|iPhone.ActiveCfg = Debug|Any CPU
		{B445DF73-AC9E-4276-9FBA-7CB5AD5D2518}.Debug|iPhone.Build.0 = Debug|Any CPU
		{B445DF73-AC9E-4276-9FBA-7CB5AD5D2518}.Debug|iPhoneSimulator.ActiveCfg = Debug|Any CPU
		{B445DF73-AC9E-4276-9FBA-7CB5AD5D2518}.Debug|iPhoneSimulator.Build.0 = Debug|Any CPU
		{B445DF73-AC9E-4276-9FBA-7CB5AD5D2518}.Debug|x64.ActiveCfg = Debug|Any CPU
		{B445DF73-AC9E-4276-9FBA-7CB5AD5D2518}.Debug|x64.Build.0 = Debug|Any CPU
		{B445DF73-AC9E-4276-9FBA-7CB5AD5D2518}.Debug|x86.ActiveCfg = Debug|Any CPU
		{B445DF73-AC9E-4276-9FBA-7CB5AD5D2518}.Debug|x86.Build.0 = Debug|Any CPU
		{B445DF73-AC9E-4276-9FBA-7CB5AD5D2518}.Release|Any CPU.ActiveCfg = Release|Any CPU
		{B445DF73-AC9E-4276-9FBA-7CB5AD5D2518}.Release|Any CPU.Build.0 = Release|Any CPU
		{B445DF73-AC9E-4276-9FBA-7CB5AD5D2518}.Release|ARM.ActiveCfg = Release|Any CPU
		{B445DF73-AC9E-4276-9FBA-7CB5AD5D2518}.Release|ARM.Build.0 = Release|Any CPU
		{B445DF73-AC9E-4276-9FBA-7CB5AD5D2518}.Release|iPhone.ActiveCfg = Release|Any CPU
		{B445DF73-AC9E-4276-9FBA-7CB5AD5D2518}.Release|iPhone.Build.0 = Release|Any CPU
		{B445DF73-AC9E-4276-9FBA-7CB5AD5D2518}.Release|iPhoneSimulator.ActiveCfg = Release|Any CPU
		{B445DF73-AC9E-4276-9FBA-7CB5AD5D2518}.Release|iPhoneSimulator.Build.0 = Release|Any CPU
		{B445DF73-AC9E-4276-9FBA-7CB5AD5D2518}.Release|x64.ActiveCfg = Release|Any CPU
		{B445DF73-AC9E-4276-9FBA-7CB5AD5D2518}.Release|x64.Build.0 = Release|Any CPU
		{B445DF73-AC9E-4276-9FBA-7CB5AD5D2518}.Release|x86.ActiveCfg = Release|Any CPU
		{B445DF73-AC9E-4276-9FBA-7CB5AD5D2518}.Release|x86.Build.0 = Release|Any CPU
	EndGlobalSection
	GlobalSection(SolutionProperties) = preSolution
		HideSolutionNode = FALSE
	EndGlobalSection
	GlobalSection(ExtensibilityGlobals) = postSolution
		SolutionGuid = {F6D05029-56B8-4E45-AF2D-0E76295DDBA2}
	EndGlobalSection
EndGlobal
