
Microsoft Visual Studio Solution File, Format Version 12.00
# Visual Studio 15
VisualStudioVersion = 15.0.27130.2003
MinimumVisualStudioVersion = 10.0.40219.1
Project("{FAE04EC0-301F-11D3-BF4B-00C04F79EFBC}") = "Weaving.Fody", "Weaving.Fody\Weaving.Fody.csproj", "{39ED934E-FC2B-45CA-B97B-46E4FFF9C0F2}"
EndProject
Project("{FAE04EC0-301F-11D3-BF4B-00C04F79EFBC}") = "WeaveTarget", "WeaveTarget\WeaveTarget.csproj", "{5CA0D1F1-017A-4521-8265-F793BE959A11}"
EndProject
Global
	GlobalSection(SolutionConfigurationPlatforms) = preSolution
		Debug|Any CPU = Debug|Any CPU
		Release|Any CPU = Release|Any CPU
	EndGlobalSection
	GlobalSection(ProjectConfigurationPlatforms) = postSolution
		{39ED934E-FC2B-45CA-B97B-46E4FFF9C0F2}.Debug|Any CPU.ActiveCfg = Debug|Any CPU
		{39ED934E-FC2B-45CA-B97B-46E4FFF9C0F2}.Debug|Any CPU.Build.0 = Debug|Any CPU
		{39ED934E-FC2B-45CA-B97B-46E4FFF9C0F2}.Release|Any CPU.ActiveCfg = Release|Any CPU
		{39ED934E-FC2B-45CA-B97B-46E4FFF9C0F2}.Release|Any CPU.Build.0 = Release|Any CPU
		{5CA0D1F1-017A-4521-8265-F793BE959A11}.Debug|Any CPU.ActiveCfg = Debug|Any CPU
		{5CA0D1F1-017A-4521-8265-F793BE959A11}.Debug|Any CPU.Build.0 = Debug|Any CPU
		{5CA0D1F1-017A-4521-8265-F793BE959A11}.Release|Any CPU.ActiveCfg = Release|Any CPU
		{5CA0D1F1-017A-4521-8265-F793BE959A11}.Release|Any CPU.Build.0 = Release|Any CPU
	EndGlobalSection
	GlobalSection(SolutionProperties) = preSolution
		HideSolutionNode = FALSE
	EndGlobalSection
	GlobalSection(ExtensibilityGlobals) = postSolution
		SolutionGuid = {0F173052-ADDA-42E0-9E56-B47A97A22021}
	EndGlobalSection
EndGlobal
